{
  "name": "com.myapp.myfileapp",
  "version": "1.0.0",
  "lockfileVersion": 3,
  "requires": true,
  "packages": {
    "": {
      "name": "com.myapp.myfileapp",
      "version": "1.0.0",
      "license": "Apache-2.0",
      "devDependencies": {
        "cordova-plugin-file": "^8.0.0",
        "cordova-plugin-inappbrowser": "^5.0.0",
        "cordova-sqlite-storage": "^6.1.0"
      }
    },
    "node_modules/cordova-plugin-file": {
      "version": "8.0.0",
      "resolved": "https://registry.npmjs.org/cordova-plugin-file/-/cordova-plugin-file-8.0.0.tgz",
      "integrity": "sha512-pgxCJtDjDKzyeqvrn0KnDubf9b1VLv+OyWTXjUR7T52o7oGDUkR3ubT89i/1ugHtRU6mY7XIGHD4drUByDQClw==",
      "dev": true,
      "engines": {
        "cordovaDependencies": {
          "5.0.0": {
            "cordova-android": ">=6.3.0"
          },
          "7.0.0": {
            "cordova-android": ">=10.0.0"
          },
          "8.0.0": {
            "cordova-android": ">=12.0.0"
          },
          "9.0.0": {
            "cordova": ">100"
          }
        }
      }
    },
    "node_modules/cordova-plugin-inappbrowser": {
      "version": "5.0.0",
      "resolved": "https://registry.npmjs.org/cordova-plugin-inappbrowser/-/cordova-plugin-inappbrowser-5.0.0.tgz",
      "integrity": "sha512-MqnpmUQ/iy6hxtIGDdlIhy8aNi1pNanLATpbnkk7uCqW9YQ4rH/dGK9zESbZ50pUi2A2D2QMjBXNV175TJK5OQ==",
      "dev": true,
      "engines": {
        "cordovaDependencies": {
          "0.2.3": {
            "cordova": ">=3.1.0"
          },
          "4.0.0": {
            "cordova": ">=3.1.0",
            "cordova-ios": ">=4.0.0"
          },
          "5.0.0": {
            "cordova": ">=9.0.0",
            "cordova-android": ">=9.0.0",
            "cordova-ios": ">=6.0.0"
          },
          "6.0.0": {
            "cordova": ">100"
          }
        }
      }
    },
    "node_modules/cordova-sqlite-storage": {
      "version": "6.1.0",
      "resolved": "https://registry.npmjs.org/cordova-sqlite-storage/-/cordova-sqlite-storage-6.1.0.tgz",
      "integrity": "sha512-ko/edy+u9MJVYrXdB6OXUklH0eIRWpa/Rvang7YkvQvsswc9vZr0pM/Ty6eX0MJtLOMJuCXIOiiHZZZbZSZikw==",
      "dev": true,
      "dependencies": {
        "cordova-sqlite-storage-dependencies": "4.1.0"
      }
    },
    "node_modules/cordova-sqlite-storage-dependencies": {
      "version": "4.1.0",
      "resolved": "https://registry.npmjs.org/cordova-sqlite-storage-dependencies/-/cordova-sqlite-storage-dependencies-4.1.0.tgz",
      "integrity": "sha512-D0ZXfNkS3z9GO+Ha2rC2odvOOMcx/moL8lpVDFxXqcsCEZbJimuki4wZfdrQrGlNd/d7r4DNodljRmO20v6Ntg==",
      "dev": true
    }
  }
}
